// !$*UTF8*$!
{
	archiveVersion = 1;
	classes = {
	};
	objectVersion = 50;
	objects = {

/* Begin PBXBuildFile section */
		4C2662967C46A409779F964C /* Pods_SWIFT_RN.framework in Frameworks */ = {isa = PBXBuildFile; fileRef = A601B9721DF5F49332CEA22D /* Pods_SWIFT_RN.framework */; };
		963F7CB420FF74010089E047 /* AppDelegate.swift in Sources */ = {isa = PBXBuildFile; fileRef = 963F7CB320FF74010089E047 /* AppDelegate.swift */; };
		963F7CB620FF74010089E047 /* ViewController.swift in Sources */ = {isa = PBXBuildFile; fileRef = 963F7CB520FF74010089E047 /* ViewController.swift */; };
		963F7CB920FF74010089E047 /* Main.storyboard in Resources */ = {isa = PBXBuildFile; fileRef = 963F7CB720FF74010089E047 /* Main.storyboard */; };
		963F7CBB20FF74010089E047 /* Assets.xcassets in Resources */ = {isa = PBXBuildFile; fileRef = 963F7CBA20FF74010089E047 /* Assets.xcassets */; };
		963F7CBE20FF74010089E047 /* LaunchScreen.storyboard in Resources */ = {isa = PBXBuildFile; fileRef = 963F7CBC20FF74010089E047 /* LaunchScreen.storyboard */; };
		963F7CC620FF745D0089E047 /* SegueViewController.swift in Sources */ = {isa = PBXBuildFile; fileRef = 963F7CC520FF745D0089E047 /* SegueViewController.swift */; };
		963F7CC820FF74650089E047 /* ReadViewController.swift in Sources */ = {isa = PBXBuildFile; fileRef = 963F7CC720FF74650089E047 /* ReadViewController.swift */; };
		963F7CCA20FF746A0089E047 /* WriteViewController.swift in Sources */ = {isa = PBXBuildFile; fileRef = 963F7CC920FF746A0089E047 /* WriteViewController.swift */; };
		963F7CCC20FF76B10089E047 /* Segue Class.swift in Sources */ = {isa = PBXBuildFile; fileRef = 963F7CCB20FF76B10089E047 /* Segue Class.swift */; };
		963F7CCE20FF798F0089E047 /* ScreenOneViewController.swift in Sources */ = {isa = PBXBuildFile; fileRef = 963F7CCD20FF798F0089E047 /* ScreenOneViewController.swift */; };
		963F7CD020FF79A00089E047 /* ScreenTwoViewController.swift in Sources */ = {isa = PBXBuildFile; fileRef = 963F7CCF20FF79A00089E047 /* ScreenTwoViewController.swift */; };
		963F7CD220FF79AA0089E047 /* ScreenThreeViewController.swift in Sources */ = {isa = PBXBuildFile; fileRef = 963F7CD120FF79AA0089E047 /* ScreenThreeViewController.swift */; };
		DB6BBA7E21008A6400AF9545 /* RNCallSwift.swift in Sources */ = {isa = PBXBuildFile; fileRef = DB6BBA7D21008A6400AF9545 /* RNCallSwift.swift */; };
		DB6BBA81210091FD00AF9545 /* SwiftReactNativeBridge.m in Sources */ = {isa = PBXBuildFile; fileRef = DB6BBA80210091FD00AF9545 /* SwiftReactNativeBridge.m */; };
/* End PBXBuildFile section */

/* Begin PBXFileReference section */
		089FB3A129743569F15FA2F8 /* Pods-SWIFT-RN.release.xcconfig */ = {isa = PBXFileReference; includeInIndex = 1; lastKnownFileType = text.xcconfig; name = "Pods-SWIFT-RN.release.xcconfig"; path = "Pods/Target Support Files/Pods-SWIFT-RN/Pods-SWIFT-RN.release.xcconfig"; sourceTree = "<group>"; };
		963F7CB020FF74010089E047 /* SWIFT-RN.app */ = {isa = PBXFileReference; explicitFileType = wrapper.application; includeInIndex = 0; path = "SWIFT-RN.app"; sourceTree = BUILT_PRODUCTS_DIR; };
		963F7CB320FF74010089E047 /* AppDelegate.swift */ = {isa = PBXFileReference; lastKnownFileType = sourcecode.swift; path = AppDelegate.swift; sourceTree = "<group>"; };
		963F7CB520FF74010089E047 /* ViewController.swift */ = {isa = PBXFileReference; lastKnownFileType = sourcecode.swift; path = ViewController.swift; sourceTree = "<group>"; };
		963F7CB820FF74010089E047 /* Base */ = {isa = PBXFileReference; lastKnownFileType = file.storyboard; name = Base; path = Base.lproj/Main.storyboard; sourceTree = "<group>"; };
		963F7CBA20FF74010089E047 /* Assets.xcassets */ = {isa = PBXFileReference; lastKnownFileType = folder.assetcatalog; path = Assets.xcassets; sourceTree = "<group>"; };
		963F7CBD20FF74010089E047 /* Base */ = {isa = PBXFileReference; lastKnownFileType = file.storyboard; name = Base; path = Base.lproj/LaunchScreen.storyboard; sourceTree = "<group>"; };
		963F7CBF20FF74010089E047 /* Info.plist */ = {isa = PBXFileReference; lastKnownFileType = text.plist.xml; path = Info.plist; sourceTree = "<group>"; };
		963F7CC520FF745D0089E047 /* SegueViewController.swift */ = {isa = PBXFileReference; fileEncoding = 4; lastKnownFileType = sourcecode.swift; path = SegueViewController.swift; sourceTree = "<group>"; };
		963F7CC720FF74650089E047 /* ReadViewController.swift */ = {isa = PBXFileReference; fileEncoding = 4; lastKnownFileType = sourcecode.swift; path = ReadViewController.swift; sourceTree = "<group>"; };
		963F7CC920FF746A0089E047 /* WriteViewController.swift */ = {isa = PBXFileReference; fileEncoding = 4; lastKnownFileType = sourcecode.swift; path = WriteViewController.swift; sourceTree = "<group>"; };
		963F7CCB20FF76B10089E047 /* Segue Class.swift */ = {isa = PBXFileReference; lastKnownFileType = sourcecode.swift; path = "Segue Class.swift"; sourceTree = "<group>"; };
		963F7CCD20FF798F0089E047 /* ScreenOneViewController.swift */ = {isa = PBXFileReference; lastKnownFileType = sourcecode.swift; path = ScreenOneViewController.swift; sourceTree = "<group>"; };
		963F7CCF20FF79A00089E047 /* ScreenTwoViewController.swift */ = {isa = PBXFileReference; lastKnownFileType = sourcecode.swift; path = ScreenTwoViewController.swift; sourceTree = "<group>"; };
		963F7CD120FF79AA0089E047 /* ScreenThreeViewController.swift */ = {isa = PBXFileReference; lastKnownFileType = sourcecode.swift; path = ScreenThreeViewController.swift; sourceTree = "<group>"; };
		A601B9721DF5F49332CEA22D /* Pods_SWIFT_RN.framework */ = {isa = PBXFileReference; explicitFileType = wrapper.framework; includeInIndex = 0; path = Pods_SWIFT_RN.framework; sourceTree = BUILT_PRODUCTS_DIR; };
		B620F64332BA26947198F6EF /* Pods-SWIFT-RN.debug.xcconfig */ = {isa = PBXFileReference; includeInIndex = 1; lastKnownFileType = text.xcconfig; name = "Pods-SWIFT-RN.debug.xcconfig"; path = "Pods/Target Support Files/Pods-SWIFT-RN/Pods-SWIFT-RN.debug.xcconfig"; sourceTree = "<group>"; };
		DB6BBA7D21008A6400AF9545 /* RNCallSwift.swift */ = {isa = PBXFileReference; lastKnownFileType = sourcecode.swift; name = RNCallSwift.swift; path = NativeFunc/RNCallSwift.swift; sourceTree = "<group>"; };
		DB6BBA7F2100919000AF9545 /* BridgeHeader.h */ = {isa = PBXFileReference; lastKnownFileType = sourcecode.c.h; name = BridgeHeader.h; path = NativeFunc/BridgeHeader.h; sourceTree = "<group>"; };
		DB6BBA80210091FD00AF9545 /* SwiftReactNativeBridge.m */ = {isa = PBXFileReference; lastKnownFileType = sourcecode.c.objc; name = SwiftReactNativeBridge.m; path = NativeFunc/SwiftReactNativeBridge.m; sourceTree = "<group>"; };
		DBEF37AC20FFBCFE00573D58 /* libReact.a */ = {isa = PBXFileReference; explicitFileType = archive.ar; path = libReact.a; sourceTree = BUILT_PRODUCTS_DIR; };
/* End PBXFileReference section */

/* Begin PBXFrameworksBuildPhase section */
		963F7CAD20FF74010089E047 /* Frameworks */ = {
			isa = PBXFrameworksBuildPhase;
			buildActionMask = 2147483647;
			files = (
				4C2662967C46A409779F964C /* Pods_SWIFT_RN.framework in Frameworks */,
			);
			runOnlyForDeploymentPostprocessing = 0;
		};
/* End PBXFrameworksBuildPhase section */

/* Begin PBXGroup section */
		7B722C9B8DFFC986E2CE0CC7 /* Frameworks */ = {
			isa = PBXGroup;
			children = (
				DBEF37AC20FFBCFE00573D58 /* libReact.a */,
				A601B9721DF5F49332CEA22D /* Pods_SWIFT_RN.framework */,
			);
			name = Frameworks;
			sourceTree = "<group>";
		};
		963F7CA720FF74010089E047 = {
			isa = PBXGroup;
			children = (
				963F7CB220FF74010089E047 /* SWIFT-RN */,
				963F7CB120FF74010089E047 /* Products */,
				E91DAB5FF998E2C19A106C9E /* Pods */,
				7B722C9B8DFFC986E2CE0CC7 /* Frameworks */,
			);
			sourceTree = "<group>";
		};
		963F7CB120FF74010089E047 /* Products */ = {
			isa = PBXGroup;
			children = (
				963F7CB020FF74010089E047 /* SWIFT-RN.app */,
			);
			name = Products;
			sourceTree = "<group>";
		};
		963F7CB220FF74010089E047 /* SWIFT-RN */ = {
			isa = PBXGroup;
			children = (
				963F7CB320FF74010089E047 /* AppDelegate.swift */,
				963F7CB520FF74010089E047 /* ViewController.swift */,
				963F7CB720FF74010089E047 /* Main.storyboard */,
				963F7CBA20FF74010089E047 /* Assets.xcassets */,
				963F7CBC20FF74010089E047 /* LaunchScreen.storyboard */,
				963F7CBF20FF74010089E047 /* Info.plist */,
				963F7CC520FF745D0089E047 /* SegueViewController.swift */,
				963F7CC720FF74650089E047 /* ReadViewController.swift */,
				963F7CC920FF746A0089E047 /* WriteViewController.swift */,
				963F7CCB20FF76B10089E047 /* Segue Class.swift */,
				963F7CCD20FF798F0089E047 /* ScreenOneViewController.swift */,
				963F7CCF20FF79A00089E047 /* ScreenTwoViewController.swift */,
				963F7CD120FF79AA0089E047 /* ScreenThreeViewController.swift */,
				DB6BBA7D21008A6400AF9545 /* RNCallSwift.swift */,
				DB6BBA7F2100919000AF9545 /* BridgeHeader.h */,
				DB6BBA80210091FD00AF9545 /* SwiftReactNativeBridge.m */,
			);
			path = "SWIFT-RN";
			sourceTree = "<group>";
		};
		E91DAB5FF998E2C19A106C9E /* Pods */ = {
			isa = PBXGroup;
			children = (
				B620F64332BA26947198F6EF /* Pods-SWIFT-RN.debug.xcconfig */,
				089FB3A129743569F15FA2F8 /* Pods-SWIFT-RN.release.xcconfig */,
			);
			name = Pods;
			sourceTree = "<group>";
		};
/* End PBXGroup section */

/* Begin PBXNativeTarget section */
		963F7CAF20FF74010089E047 /* SWIFT-RN */ = {
			isa = PBXNativeTarget;
			buildConfigurationList = 963F7CC220FF74010089E047 /* Build configuration list for PBXNativeTarget "SWIFT-RN" */;
			buildPhases = (
				407967F7DC727F6DEE57EFA4 /* [CP] Check Pods Manifest.lock */,
				963F7CAC20FF74010089E047 /* Sources */,
				963F7CAD20FF74010089E047 /* Frameworks */,
				963F7CAE20FF74010089E047 /* Resources */,
				3FD3DDABAE5E095FC5A2C52F /* [CP] Embed Pods Frameworks */,
			);
			buildRules = (
			);
			dependencies = (
			);
			name = "SWIFT-RN";
			productName = "SWIFT-RN";
			productReference = 963F7CB020FF74010089E047 /* SWIFT-RN.app */;
			productType = "com.apple.product-type.application";
		};
/* End PBXNativeTarget section */

/* Begin PBXProject section */
		963F7CA820FF74010089E047 /* Project object */ = {
			isa = PBXProject;
			attributes = {
				LastSwiftUpdateCheck = 0940;
				LastUpgradeCheck = 0940;
				ORGANIZATIONNAME = "Alex Fedorov";
				TargetAttributes = {
					963F7CAF20FF74010089E047 = {
						CreatedOnToolsVersion = 9.4.1;
						LastSwiftMigration = 0940;
					};
				};
			};
			buildConfigurationList = 963F7CAB20FF74010089E047 /* Build configuration list for PBXProject "SWIFT-RN" */;
			compatibilityVersion = "Xcode 9.3";
			developmentRegion = en;
			hasScannedForEncodings = 0;
			knownRegions = (
				en,
				Base,
			);
			mainGroup = 963F7CA720FF74010089E047;
			productRefGroup = 963F7CB120FF74010089E047 /* Products */;
			projectDirPath = "";
			projectRoot = "";
			targets = (
				963F7CAF20FF74010089E047 /* SWIFT-RN */,
			);
		};
/* End PBXProject section */

/* Begin PBXResourcesBuildPhase section */
		963F7CAE20FF74010089E047 /* Resources */ = {
			isa = PBXResourcesBuildPhase;
			buildActionMask = 2147483647;
			files = (
				963F7CBE20FF74010089E047 /* LaunchScreen.storyboard in Resources */,
				963F7CBB20FF74010089E047 /* Assets.xcassets in Resources */,
				963F7CB920FF74010089E047 /* Main.storyboard in Resources */,
			);
			runOnlyForDeploymentPostprocessing = 0;
		};
/* End PBXResourcesBuildPhase section */

/* Begin PBXShellScriptBuildPhase section */
		3FD3DDABAE5E095FC5A2C52F /* [CP] Embed Pods Frameworks */ = {
			isa = PBXShellScriptBuildPhase;
			buildActionMask = 2147483647;
			files = (
			);
			inputPaths = (
				"${SRCROOT}/Pods/Target Support Files/Pods-SWIFT-RN/Pods-SWIFT-RN-frameworks.sh",
				"${BUILT_PRODUCTS_DIR}/DoubleConversion/DoubleConversion.framework",
				"${BUILT_PRODUCTS_DIR}/Folly/folly.framework",
				"${BUILT_PRODUCTS_DIR}/RNDefaultPreference/RNDefaultPreference.framework",
				"${BUILT_PRODUCTS_DIR}/React/React.framework",
				"${BUILT_PRODUCTS_DIR}/glog/glog.framework",
				"${BUILT_PRODUCTS_DIR}/yoga/yoga.framework",
			);
			name = "[CP] Embed Pods Frameworks";
			outputPaths = (
				"${TARGET_BUILD_DIR}/${FRAMEWORKS_FOLDER_PATH}/DoubleConversion.framework",
				"${TARGET_BUILD_DIR}/${FRAMEWORKS_FOLDER_PATH}/folly.framework",
				"${TARGET_BUILD_DIR}/${FRAMEWORKS_FOLDER_PATH}/RNDefaultPreference.framework",
				"${TARGET_BUILD_DIR}/${FRAMEWORKS_FOLDER_PATH}/React.framework",
				"${TARGET_BUILD_DIR}/${FRAMEWORKS_FOLDER_PATH}/glog.framework",
				"${TARGET_BUILD_DIR}/${FRAMEWORKS_FOLDER_PATH}/yoga.framework",
			);
			runOnlyForDeploymentPostprocessing = 0;
			shellPath = /bin/sh;
			shellScript = "\"${SRCROOT}/Pods/Target Support Files/Pods-SWIFT-RN/Pods-SWIFT-RN-frameworks.sh\"\n";
			showEnvVarsInLog = 0;
		};
		407967F7DC727F6DEE57EFA4 /* [CP] Check Pods Manifest.lock */ = {
			isa = PBXShellScriptBuildPhase;
			buildActionMask = 2147483647;
			files = (
			);
			inputPaths = (
				"${PODS_PODFILE_DIR_PATH}/Podfile.lock",
				"${PODS_ROOT}/Manifest.lock",
			);
			name = "[CP] Check Pods Manifest.lock";
			outputPaths = (
				"$(DERIVED_FILE_DIR)/Pods-SWIFT-RN-checkManifestLockResult.txt",
			);
			runOnlyForDeploymentPostprocessing = 0;
			shellPath = /bin/sh;
			shellScript = "diff \"${PODS_PODFILE_DIR_PATH}/Podfile.lock\" \"${PODS_ROOT}/Manifest.lock\" > /dev/null\nif [ $? != 0 ] ; then\n    # print error to STDERR\n    echo \"error: The sandbox is not in sync with the Podfile.lock. Run 'pod install' or update your CocoaPods installation.\" >&2\n    exit 1\nfi\n# This output is used by Xcode 'outputs' to avoid re-running this script phase.\necho \"SUCCESS\" > \"${SCRIPT_OUTPUT_FILE_0}\"\n";
			showEnvVarsInLog = 0;
		};
/* End PBXShellScriptBuildPhase section */

/* Begin PBXSourcesBuildPhase section */
		963F7CAC20FF74010089E047 /* Sources */ = {
			isa = PBXSourcesBuildPhase;
			buildActionMask = 2147483647;
			files = (
				963F7CC620FF745D0089E047 /* SegueViewController.swift in Sources */,
				963F7CD020FF79A00089E047 /* ScreenTwoViewController.swift in Sources */,
				963F7CB620FF74010089E047 /* ViewController.swift in Sources */,
				963F7CC820FF74650089E047 /* ReadViewController.swift in Sources */,
				963F7CD220FF79AA0089E047 /* ScreenThreeViewController.swift in Sources */,
				963F7CCE20FF798F0089E047 /* ScreenOneViewController.swift in Sources */,
				963F7CCA20FF746A0089E047 /* WriteViewController.swift in Sources */,
				DB6BBA7E21008A6400AF9545 /* RNCallSwift.swift in Sources */,
				963F7CB420FF74010089E047 /* AppDelegate.swift in Sources */,
				963F7CCC20FF76B10089E047 /* Segue Class.swift in Sources */,
				DB6BBA81210091FD00AF9545 /* SwiftReactNativeBridge.m in Sources */,
			);
			runOnlyForDeploymentPostprocessing = 0;
		};
/* End PBXSourcesBuildPhase section */

/* Begin PBXVariantGroup section */
		963F7CB720FF74010089E047 /* Main.storyboard */ = {
			isa = PBXVariantGroup;
			children = (
				963F7CB820FF74010089E047 /* Base */,
			);
			name = Main.storyboard;
			sourceTree = "<group>";
		};
		963F7CBC20FF74010089E047 /* LaunchScreen.storyboard */ = {
			isa = PBXVariantGroup;
			children = (
				963F7CBD20FF74010089E047 /* Base */,
			);
			name = LaunchScreen.storyboard;
			sourceTree = "<group>";
		};
/* End PBXVariantGroup section */

/* Begin XCBuildConfiguration section */
		963F7CC020FF74010089E047 /* Debug */ = {
			isa = XCBuildConfiguration;
			buildSettings = {
				ALWAYS_SEARCH_USER_PATHS = NO;
				CLANG_ANALYZER_NONNULL = YES;
				CLANG_ANALYZER_NUMBER_OBJECT_CONVERSION = YES_AGGRESSIVE;
				CLANG_CXX_LANGUAGE_STANDARD = "gnu++14";
				CLANG_CXX_LIBRARY = "libc++";
				CLANG_ENABLE_MODULES = YES;
				CLANG_ENABLE_OBJC_ARC = YES;
				CLANG_ENABLE_OBJC_WEAK = YES;
				CLANG_WARN_BLOCK_CAPTURE_AUTORELEASING = YES;
				CLANG_WARN_BOOL_CONVERSION = YES;
				CLANG_WARN_COMMA = YES;
				CLANG_WARN_CONSTANT_CONVERSION = YES;
				CLANG_WARN_DEPRECATED_OBJC_IMPLEMENTATIONS = YES;
				CLANG_WARN_DIRECT_OBJC_ISA_USAGE = YES_ERROR;
				CLANG_WARN_DOCUMENTATION_COMMENTS = YES;
				CLANG_WARN_EMPTY_BODY = YES;
				CLANG_WARN_ENUM_CONVERSION = YES;
				CLANG_WARN_INFINITE_RECURSION = YES;
				CLANG_WARN_INT_CONVERSION = YES;
				CLANG_WARN_NON_LITERAL_NULL_CONVERSION = YES;
				CLANG_WARN_OBJC_IMPLICIT_RETAIN_SELF = YES;
				CLANG_WARN_OBJC_LITERAL_CONVERSION = YES;
				CLANG_WARN_OBJC_ROOT_CLASS = YES_ERROR;
				CLANG_WARN_RANGE_LOOP_ANALYSIS = YES;
				CLANG_WARN_STRICT_PROTOTYPES = YES;
				CLANG_WARN_SUSPICIOUS_MOVE = YES;
				CLANG_WARN_UNGUARDED_AVAILABILITY = YES_AGGRESSIVE;
				CLANG_WARN_UNREACHABLE_CODE = YES;
				CLANG_WARN__DUPLICATE_METHOD_MATCH = YES;
				CODE_SIGN_IDENTITY = "iPhone Developer";
				COPY_PHASE_STRIP = NO;
				DEBUG_INFORMATION_FORMAT = dwarf;
				ENABLE_STRICT_OBJC_MSGSEND = YES;
				ENABLE_TESTABILITY = YES;
				GCC_C_LANGUAGE_STANDARD = gnu11;
				GCC_DYNAMIC_NO_PIC = NO;
				GCC_NO_COMMON_BLOCKS = YES;
				GCC_OPTIMIZATION_LEVEL = 0;
				GCC_PREPROCESSOR_DEFINITIONS = (
					"DEBUG=1",
					"$(inherited)",
				);
				GCC_WARN_64_TO_32_BIT_CONVERSION = YES;
				GCC_WARN_ABOUT_RETURN_TYPE = YES_ERROR;
				GCC_WARN_UNDECLARED_SELECTOR = YES;
				GCC_WARN_UNINITIALIZED_AUTOS = YES_AGGRESSIVE;
				GCC_WARN_UNUSED_FUNCTION = YES;
				GCC_WARN_UNUSED_VARIABLE = YES;
				IPHONEOS_DEPLOYMENT_TARGET = 11.4;
				MTL_ENABLE_DEBUG_INFO = YES;
				ONLY_ACTIVE_ARCH = YES;
				SDKROOT = iphoneos;
				SWIFT_ACTIVE_COMPILATION_CONDITIONS = DEBUG;
				SWIFT_OPTIMIZATION_LEVEL = "-Onone";
			};
			name = Debug;
		};
		963F7CC120FF74010089E047 /* Release */ = {
			isa = XCBuildConfiguration;
			buildSettings = {
				ALWAYS_SEARCH_USER_PATHS = NO;
				CLANG_ANALYZER_NONNULL = YES;
				CLANG_ANALYZER_NUMBER_OBJECT_CONVERSION = YES_AGGRESSIVE;
				CLANG_CXX_LANGUAGE_STANDARD = "gnu++14";
				CLANG_CXX_LIBRARY = "libc++";
				CLANG_ENABLE_MODULES = YES;
				CLANG_ENABLE_OBJC_ARC = YES;
				CLANG_ENABLE_OBJC_WEAK = YES;
				CLANG_WARN_BLOCK_CAPTURE_AUTORELEASING = YES;
				CLANG_WARN_BOOL_CONVERSION = YES;
				CLANG_WARN_COMMA = YES;
				CLANG_WARN_CONSTANT_CONVERSION = YES;
				CLANG_WARN_DEPRECATED_OBJC_IMPLEMENTATIONS = YES;
				CLANG_WARN_DIRECT_OBJC_ISA_USAGE = YES_ERROR;
				CLANG_WARN_DOCUMENTATION_COMMENTS = YES;
				CLANG_WARN_EMPTY_BODY = YES;
				CLANG_WARN_ENUM_CONVERSION = YES;
				CLANG_WARN_INFINITE_RECURSION = YES;
				CLANG_WARN_INT_CONVERSION = YES;
				CLANG_WARN_NON_LITERAL_NULL_CONVERSION = YES;
				CLANG_WARN_OBJC_IMPLICIT_RETAIN_SELF = YES;
				CLANG_WARN_OBJC_LITERAL_CONVERSION = YES;
				CLANG_WARN_OBJC_ROOT_CLASS = YES_ERROR;
				CLANG_WARN_RANGE_LOOP_ANALYSIS = YES;
				CLANG_WARN_STRICT_PROTOTYPES = YES;
				CLANG_WARN_SUSPICIOUS_MOVE = YES;
				CLANG_WARN_UNGUARDED_AVAILABILITY = YES_AGGRESSIVE;
				CLANG_WARN_UNREACHABLE_CODE = YES;
				CLANG_WARN__DUPLICATE_METHOD_MATCH = YES;
				CODE_SIGN_IDENTITY = "iPhone Developer";
				COPY_PHASE_STRIP = NO;
				DEBUG_INFORMATION_FORMAT = "dwarf-with-dsym";
				ENABLE_NS_ASSERTIONS = NO;
				ENABLE_STRICT_OBJC_MSGSEND = YES;
				GCC_C_LANGUAGE_STANDARD = gnu11;
				GCC_NO_COMMON_BLOCKS = YES;
				GCC_WARN_64_TO_32_BIT_CONVERSION = YES;
				GCC_WARN_ABOUT_RETURN_TYPE = YES_ERROR;
				GCC_WARN_UNDECLARED_SELECTOR = YES;
				GCC_WARN_UNINITIALIZED_AUTOS = YES_AGGRESSIVE;
				GCC_WARN_UNUSED_FUNCTION = YES;
				GCC_WARN_UNUSED_VARIABLE = YES;
				IPHONEOS_DEPLOYMENT_TARGET = 11.4;
				MTL_ENABLE_DEBUG_INFO = NO;
				SDKROOT = iphoneos;
				SWIFT_COMPILATION_MODE = wholemodule;
				SWIFT_OPTIMIZATION_LEVEL = "-O";
				VALIDATE_PRODUCT = YES;
			};
			name = Release;
		};
		963F7CC320FF74010089E047 /* Debug */ = {
			isa = XCBuildConfiguration;
			baseConfigurationReference = B620F64332BA26947198F6EF /* Pods-SWIFT-RN.debug.xcconfig */;
			buildSettings = {
				ASSETCATALOG_COMPILER_APPICON_NAME = AppIcon;
				CLANG_ENABLE_MODULES = YES;
				CODE_SIGN_STYLE = Automatic;
				DEVELOPMENT_TEAM = KPPWWNWR37;
				FRAMEWORK_SEARCH_PATHS = (
					"$(SRCROOT)/**",
					"$(inherited)",
					"$(PROJECT_DIR)",
				);
				HEADER_SEARCH_PATHS = (
					"$(inherited)",
					"\"${PODS_ROOT}/Headers/Public\"",
					"\"${PODS_ROOT}/Headers/Public/DoubleConversion\"",
					"\"${PODS_ROOT}/Headers/Public/React\"",
					"\"${PODS_ROOT}/Headers/Public/glog\"",
					"\"${PODS_ROOT}/Headers/Public/yoga\"",
					"$(SRCROOT)..",
					"$(SRCROOT)/../../react-native/React",
				);
				INFOPLIST_FILE = "SWIFT-RN/Info.plist";
				IPHONEOS_DEPLOYMENT_TARGET = 9.0;
				LD_RUNPATH_SEARCH_PATHS = "$(inherited) @executable_path/Frameworks";
				PRODUCT_BUNDLE_IDENTIFIER = "ru.unicorn.SWIFT-RN";
				PRODUCT_NAME = "$(TARGET_NAME)";
				SWIFT_OPTIMIZATION_LEVEL = "-Onone";
				SWIFT_VERSION = 4.0;
				TARGETED_DEVICE_FAMILY = "1,2";
			};
			name = Debug;
		};
		963F7CC420FF74010089E047 /* Release */ = {
			isa = XCBuildConfiguration;
			baseConfigurationReference = 089FB3A129743569F15FA2F8 /* Pods-SWIFT-RN.release.xcconfig */;
			buildSettings = {
				ASSETCATALOG_COMPILER_APPICON_NAME = AppIcon;
				CLANG_ENABLE_MODULES = YES;
				CODE_SIGN_STYLE = Automatic;
				DEVELOPMENT_TEAM = KPPWWNWR37;
				FRAMEWORK_SEARCH_PATHS = (
					"$(SRCROOT)/**",
					"$(inherited)",
					"$(PROJECT_DIR)",
				);
				HEADER_SEARCH_PATHS = (
					"$(inherited)",
					"\"${PODS_ROOT}/Headers/Public\"",
					"\"${PODS_ROOT}/Headers/Public/DoubleConversion\"",
					"\"${PODS_ROOT}/Headers/Public/React\"",
					"\"${PODS_ROOT}/Headers/Public/glog\"",
					"\"${PODS_ROOT}/Headers/Public/yoga\"",
					"$(SRCROOT)..",
					"$(SRCROOT)/../../react-native/React",
				);
				INFOPLIST_FILE = "SWIFT-RN/Info.plist";
				IPHONEOS_DEPLOYMENT_TARGET = 9.0;
				LD_RUNPATH_SEARCH_PATHS = "$(inherited) @executable_path/Frameworks";
				PRODUCT_BUNDLE_IDENTIFIER = "ru.unicorn.SWIFT-RN";
				PRODUCT_NAME = "$(TARGET_NAME)";
				SWIFT_VERSION = 4.0;
				TARGETED_DEVICE_FAMILY = "1,2";
			};
			name = Release;
		};
/* End XCBuildConfiguration section */

/* Begin XCConfigurationList section */
		963F7CAB20FF74010089E047 /* Build configuration list for PBXProject "SWIFT-RN" */ = {
			isa = XCConfigurationList;
			buildConfigurations = (
				963F7CC020FF74010089E047 /* Debug */,
				963F7CC120FF74010089E047 /* Release */,
			);
			defaultConfigurationIsVisible = 0;
			defaultConfigurationName = Release;
		};
		963F7CC220FF74010089E047 /* Build configuration list for PBXNativeTarget "SWIFT-RN" */ = {
			isa = XCConfigurationList;
			buildConfigurations = (
				963F7CC320FF74010089E047 /* Debug */,
				963F7CC420FF74010089E047 /* Release */,
			);
			defaultConfigurationIsVisible = 0;
			defaultConfigurationName = Release;
		};
/* End XCConfigurationList section */
	};
	rootObject = 963F7CA820FF74010089E047 /* Project object */;
}
